
Microsoft Visual Studio Solution File, Format Version 12.00
# Visual Studio Version 17
VisualStudioVersion = 17.13.35931.197 d17.13
MinimumVisualStudioVersion = 10.0.40219.1
Project("{FAE04EC0-301F-11D3-BF4B-00C04F79EFBC}") = "ProductDemo", "ProductDemo\ProductDemo.csproj", "{AF2ABDC9-602C-4B10-8290-D811708D2A13}"
EndProject
Global
	GlobalSection(SolutionConfigurationPlatforms) = preSolution
		Debug|Any CPU = Debug|Any CPU
		Release|Any CPU = Release|Any CPU
	EndGlobalSection
	GlobalSection(ProjectConfigurationPlatforms) = postSolution
		{AF2ABDC9-602C-4B10-8290-D811708D2A13}.Debug|Any CPU.ActiveCfg = Debug|Any CPU
		{AF2ABDC9-602C-4B10-8290-D811708D2A13}.Debug|Any CPU.Build.0 = Debug|Any CPU
		{AF2ABDC9-602C-4B10-8290-D811708D2A13}.Release|Any CPU.ActiveCfg = Release|Any CPU
		{AF2ABDC9-602C-4B10-8290-D811708D2A13}.Release|Any CPU.Build.0 = Release|Any CPU
	EndGlobalSection
	GlobalSection(SolutionProperties) = preSolution
		HideSolutionNode = FALSE
	EndGlobalSection
	GlobalSection(ExtensibilityGlobals) = postSolution
		SolutionGuid = {2CF0E5FB-4853-4161-A2BA-8B2BB564BF16}
	EndGlobalSection
EndGlobal
